
Microsoft Visual Studio Solution File, Format Version 12.00
# Visual Studio Version 16
VisualStudioVersion = 16.0.29519.181
MinimumVisualStudioVersion = 10.0.40219.1
Project("{FAE04EC0-301F-11D3-BF4B-00C04F79EFBC}") = "UDP", "UDP\UDP.csproj", "{91052338-7080-47AE-8CF0-2B49FD854C52}"
EndProject
Global
	GlobalSection(SolutionConfigurationPlatforms) = preSolution
		Debug|Any CPU = Debug|Any CPU
		Release|Any CPU = Release|Any CPU
	EndGlobalSection
	GlobalSection(ProjectConfigurationPlatforms) = postSolution
		{91052338-7080-47AE-8CF0-2B49FD854C52}.Debug|Any CPU.ActiveCfg = Debug|Any CPU
		{91052338-7080-47AE-8CF0-2B49FD854C52}.Debug|Any CPU.Build.0 = Debug|Any CPU
		{91052338-7080-47AE-8CF0-2B49FD854C52}.Release|Any CPU.ActiveCfg = Release|Any CPU
		{91052338-7080-47AE-8CF0-2B49FD854C52}.Release|Any CPU.Build.0 = Release|Any CPU
	EndGlobalSection
	GlobalSection(SolutionProperties) = preSolution
		HideSolutionNode = FALSE
	EndGlobalSection
	GlobalSection(ExtensibilityGlobals) = postSolution
		SolutionGuid = {518FB50A-03AC-4EBB-B5D5-D76155269370}
	EndGlobalSection
EndGlobal
